{
  "name": "npm",
  "lockfileVersion": 2,
  "requires": true,
  "packages": {
    "": {
      "dependencies": {
        "sample-package": "github:tyage/sample-package#main"
      }
    },
    "node_modules/sample-package": {
      "version": "1.0.0",
      "resolved": "git+ssh://git@github.com/tyage/sample-package.git#8eeb90effd2a8b9ad86745a21cb41f695cc3064e"
    }
  },
  "dependencies": {
    "sample-package": {
      "version": "git+ssh://git@github.com/tyage/sample-package.git#8eeb90effd2a8b9ad86745a21cb41f695cc3064e",
      "from": "sample-package@github:tyage/sample-package#main"
    }
  }
}