{
  "name": "javascript",
  "version": "1.0.0",
  "lockfileVersion": 2,
  "requires": true,
  "dependencies": {
    "hot-formula-parser": {
      "version": "3.0.0",
      "resolved": "https://registry.npmjs.org/hot-formula-parser/-/hot-formula-parser-3.0.0.tgz",
      "integrity": "sha512-CHLTrsrv29it5XPcHalNO8ClcJGHefwf599MePlG5dYzxxtbPqx/qt8CkrqvxQeNA5XtkAUcxU62OFv0z2L49A=="
    }
  }
}
